
Microsoft Visual Studio Solution File, Format Version 12.00
# Visual Studio Version 17
VisualStudioVersion = 17.4.33213.308
MinimumVisualStudioVersion = 10.0.40219.1
Project("{FAE04EC0-301F-11D3-BF4B-00C04F79EFBC}") = "PindexBackend", "PindexBackend.csproj", "{72C0C77D-6FA8-442B-A6EC-9D60A16DF105}"
EndProject
Global
	GlobalSection(SolutionConfigurationPlatforms) = preSolution
		Debug|Any CPU = Debug|Any CPU
		Release|Any CPU = Release|Any CPU
	EndGlobalSection
	GlobalSection(ProjectConfigurationPlatforms) = postSolution
		{72C0C77D-6FA8-442B-A6EC-9D60A16DF105}.Debug|Any CPU.ActiveCfg = Debug|Any CPU
		{72C0C77D-6FA8-442B-A6EC-9D60A16DF105}.Debug|Any CPU.Build.0 = Debug|Any CPU
		{72C0C77D-6FA8-442B-A6EC-9D60A16DF105}.Release|Any CPU.ActiveCfg = Release|Any CPU
		{72C0C77D-6FA8-442B-A6EC-9D60A16DF105}.Release|Any CPU.Build.0 = Release|Any CPU
	EndGlobalSection
	GlobalSection(SolutionProperties) = preSolution
		HideSolutionNode = FALSE
	EndGlobalSection
	GlobalSection(ExtensibilityGlobals) = postSolution
		SolutionGuid = {AAFE6348-299B-4002-A60E-A5A2DCBBE48F}
	EndGlobalSection
EndGlobal
